
Microsoft Visual Studio Solution File, Format Version 12.00
# Visual Studio Version 17
VisualStudioVersion = 17.14.36310.24
MinimumVisualStudioVersion = 10.0.40219.1
Project("{8BC9CEB8-8B4A-11D0-8D11-00A0C91BC942}") = "02_HelloMFC", "HelloMFC\HelloMFC.vcxproj", "{B0BE4C90-E3A0-4B67-8561-938360FB3D25}"
EndProject
Project("{8BC9CEB8-8B4A-11D0-8D11-00A0C91BC942}") = "Console", "Console\Console.vcxproj", "{6CB48357-67DB-46E8-846F-A4548F671C66}"
EndProject
Project("{8BC9CEB8-8B4A-11D0-8D11-00A0C91BC942}") = "Simple", "Simple\Simple.vcxproj", "{BEFA7A46-F5DF-2625-EEA8-C728286A6CE0}"
EndProject
Project("{8BC9CEB8-8B4A-11D0-8D11-00A0C91BC942}") = "CClientDC", "CClientDC\CClientDC.vcxproj", "{F89C788D-645C-48CC-A15D-40A48BBE6364}"
EndProject
Project("{8BC9CEB8-8B4A-11D0-8D11-00A0C91BC942}") = "CWindowDC", "CWindowDC\CWindowDC.vcxproj", "{5DD507A4-016F-E052-2495-654B95AACC9D}"
EndProject
Project("{8BC9CEB8-8B4A-11D0-8D11-00A0C91BC942}") = "MetaFileDC", "MetaFileDC\MetaFileDC.vcxproj", "{037AE517-1BD5-F7F7-EDEB-6496221568F5}"
EndProject
Project("{8BC9CEB8-8B4A-11D0-8D11-00A0C91BC942}") = "DrawPoints", "DrawPoints\DrawPoints.vcxproj", "{D3036100-85F3-D2A5-0194-717378195A6A}"
EndProject
Project("{8BC9CEB8-8B4A-11D0-8D11-00A0C91BC942}") = "DrawLines", "DrawLines\DrawLines.vcxproj", "{41CAFAD0-9840-A57C-6294-4ACE91323E58}"
EndProject
Project("{8BC9CEB8-8B4A-11D0-8D11-00A0C91BC942}") = "DrawTexts", "DrawTexts\DrawTexts.vcxproj", "{1341F1FE-8DC0-F945-E02A-58B4A9AF6577}"
EndProject
Global
	GlobalSection(SolutionConfigurationPlatforms) = preSolution
		Debug|x64 = Debug|x64
		Debug|x86 = Debug|x86
		Release|x64 = Release|x64
		Release|x86 = Release|x86
	EndGlobalSection
	GlobalSection(ProjectConfigurationPlatforms) = postSolution
		{B0BE4C90-E3A0-4B67-8561-938360FB3D25}.Debug|x64.ActiveCfg = Debug|x64
		{B0BE4C90-E3A0-4B67-8561-938360FB3D25}.Debug|x64.Build.0 = Debug|x64
		{B0BE4C90-E3A0-4B67-8561-938360FB3D25}.Debug|x86.ActiveCfg = Debug|Win32
		{B0BE4C90-E3A0-4B67-8561-938360FB3D25}.Debug|x86.Build.0 = Debug|Win32
		{B0BE4C90-E3A0-4B67-8561-938360FB3D25}.Release|x64.ActiveCfg = Release|x64
		{B0BE4C90-E3A0-4B67-8561-938360FB3D25}.Release|x64.Build.0 = Release|x64
		{B0BE4C90-E3A0-4B67-8561-938360FB3D25}.Release|x86.ActiveCfg = Release|Win32
		{B0BE4C90-E3A0-4B67-8561-938360FB3D25}.Release|x86.Build.0 = Release|Win32
		{6CB48357-67DB-46E8-846F-A4548F671C66}.Debug|x64.ActiveCfg = Debug|x64
		{6CB48357-67DB-46E8-846F-A4548F671C66}.Debug|x64.Build.0 = Debug|x64
		{6CB48357-67DB-46E8-846F-A4548F671C66}.Debug|x86.ActiveCfg = Debug|Win32
		{6CB48357-67DB-46E8-846F-A4548F671C66}.Debug|x86.Build.0 = Debug|Win32
		{6CB48357-67DB-46E8-846F-A4548F671C66}.Release|x64.ActiveCfg = Release|x64
		{6CB48357-67DB-46E8-846F-A4548F671C66}.Release|x64.Build.0 = Release|x64
		{6CB48357-67DB-46E8-846F-A4548F671C66}.Release|x86.ActiveCfg = Release|Win32
		{6CB48357-67DB-46E8-846F-A4548F671C66}.Release|x86.Build.0 = Release|Win32
		{BEFA7A46-F5DF-2625-EEA8-C728286A6CE0}.Debug|x64.ActiveCfg = Debug|x64
		{BEFA7A46-F5DF-2625-EEA8-C728286A6CE0}.Debug|x64.Build.0 = Debug|x64
		{BEFA7A46-F5DF-2625-EEA8-C728286A6CE0}.Debug|x86.ActiveCfg = Debug|Win32
		{BEFA7A46-F5DF-2625-EEA8-C728286A6CE0}.Debug|x86.Build.0 = Debug|Win32
		{BEFA7A46-F5DF-2625-EEA8-C728286A6CE0}.Release|x64.ActiveCfg = Release|x64
		{BEFA7A46-F5DF-2625-EEA8-C728286A6CE0}.Release|x64.Build.0 = Release|x64
		{BEFA7A46-F5DF-2625-EEA8-C728286A6CE0}.Release|x86.ActiveCfg = Release|Win32
		{BEFA7A46-F5DF-2625-EEA8-C728286A6CE0}.Release|x86.Build.0 = Release|Win32
		{F89C788D-645C-48CC-A15D-40A48BBE6364}.Debug|x64.ActiveCfg = Debug|x64
		{F89C788D-645C-48CC-A15D-40A48BBE6364}.Debug|x64.Build.0 = Debug|x64
		{F89C788D-645C-48CC-A15D-40A48BBE6364}.Debug|x86.ActiveCfg = Debug|Win32
		{F89C788D-645C-48CC-A15D-40A48BBE6364}.Debug|x86.Build.0 = Debug|Win32
		{F89C788D-645C-48CC-A15D-40A48BBE6364}.Release|x64.ActiveCfg = Release|x64
		{F89C788D-645C-48CC-A15D-40A48BBE6364}.Release|x64.Build.0 = Release|x64
		{F89C788D-645C-48CC-A15D-40A48BBE6364}.Release|x86.ActiveCfg = Release|Win32
		{F89C788D-645C-48CC-A15D-40A48BBE6364}.Release|x86.Build.0 = Release|Win32
		{5DD507A4-016F-E052-2495-654B95AACC9D}.Debug|x64.ActiveCfg = Debug|x64
		{5DD507A4-016F-E052-2495-654B95AACC9D}.Debug|x64.Build.0 = Debug|x64
		{5DD507A4-016F-E052-2495-654B95AACC9D}.Debug|x86.ActiveCfg = Debug|Win32
		{5DD507A4-016F-E052-2495-654B95AACC9D}.Debug|x86.Build.0 = Debug|Win32
		{5DD507A4-016F-E052-2495-654B95AACC9D}.Release|x64.ActiveCfg = Release|x64
		{5DD507A4-016F-E052-2495-654B95AACC9D}.Release|x64.Build.0 = Release|x64
		{5DD507A4-016F-E052-2495-654B95AACC9D}.Release|x86.ActiveCfg = Release|Win32
		{5DD507A4-016F-E052-2495-654B95AACC9D}.Release|x86.Build.0 = Release|Win32
		{037AE517-1BD5-F7F7-EDEB-6496221568F5}.Debug|x64.ActiveCfg = Debug|x64
		{037AE517-1BD5-F7F7-EDEB-6496221568F5}.Debug|x64.Build.0 = Debug|x64
		{037AE517-1BD5-F7F7-EDEB-6496221568F5}.Debug|x86.ActiveCfg = Debug|Win32
		{037AE517-1BD5-F7F7-EDEB-6496221568F5}.Debug|x86.Build.0 = Debug|Win32
		{037AE517-1BD5-F7F7-EDEB-6496221568F5}.Release|x64.ActiveCfg = Release|x64
		{037AE517-1BD5-F7F7-EDEB-6496221568F5}.Release|x64.Build.0 = Release|x64
		{037AE517-1BD5-F7F7-EDEB-6496221568F5}.Release|x86.ActiveCfg = Release|Win32
		{037AE517-1BD5-F7F7-EDEB-6496221568F5}.Release|x86.Build.0 = Release|Win32
		{D3036100-85F3-D2A5-0194-717378195A6A}.Debug|x64.ActiveCfg = Debug|x64
		{D3036100-85F3-D2A5-0194-717378195A6A}.Debug|x64.Build.0 = Debug|x64
		{D3036100-85F3-D2A5-0194-717378195A6A}.Debug|x86.ActiveCfg = Debug|Win32
		{D3036100-85F3-D2A5-0194-717378195A6A}.Debug|x86.Build.0 = Debug|Win32
		{D3036100-85F3-D2A5-0194-717378195A6A}.Release|x64.ActiveCfg = Release|x64
		{D3036100-85F3-D2A5-0194-717378195A6A}.Release|x64.Build.0 = Release|x64
		{D3036100-85F3-D2A5-0194-717378195A6A}.Release|x86.ActiveCfg = Release|Win32
		{D3036100-85F3-D2A5-0194-717378195A6A}.Release|x86.Build.0 = Release|Win32
		{41CAFAD0-9840-A57C-6294-4ACE91323E58}.Debug|x64.ActiveCfg = Debug|x64
		{41CAFAD0-9840-A57C-6294-4ACE91323E58}.Debug|x64.Build.0 = Debug|x64
		{41CAFAD0-9840-A57C-6294-4ACE91323E58}.Debug|x86.ActiveCfg = Debug|Win32
		{41CAFAD0-9840-A57C-6294-4ACE91323E58}.Debug|x86.Build.0 = Debug|Win32
		{41CAFAD0-9840-A57C-6294-4ACE91323E58}.Release|x64.ActiveCfg = Release|x64
		{41CAFAD0-9840-A57C-6294-4ACE91323E58}.Release|x64.Build.0 = Release|x64
		{41CAFAD0-9840-A57C-6294-4ACE91323E58}.Release|x86.ActiveCfg = Release|Win32
		{41CAFAD0-9840-A57C-6294-4ACE91323E58}.Release|x86.Build.0 = Release|Win32
		{1341F1FE-8DC0-F945-E02A-58B4A9AF6577}.Debug|x64.ActiveCfg = Debug|x64
		{1341F1FE-8DC0-F945-E02A-58B4A9AF6577}.Debug|x64.Build.0 = Debug|x64
		{1341F1FE-8DC0-F945-E02A-58B4A9AF6577}.Debug|x86.ActiveCfg = Debug|Win32
		{1341F1FE-8DC0-F945-E02A-58B4A9AF6577}.Debug|x86.Build.0 = Debug|Win32
		{1341F1FE-8DC0-F945-E02A-58B4A9AF6577}.Release|x64.ActiveCfg = Release|x64
		{1341F1FE-8DC0-F945-E02A-58B4A9AF6577}.Release|x64.Build.0 = Release|x64
		{1341F1FE-8DC0-F945-E02A-58B4A9AF6577}.Release|x86.ActiveCfg = Release|Win32
		{1341F1FE-8DC0-F945-E02A-58B4A9AF6577}.Release|x86.Build.0 = Release|Win32
	EndGlobalSection
	GlobalSection(SolutionProperties) = preSolution
		HideSolutionNode = FALSE
	EndGlobalSection
	GlobalSection(ExtensibilityGlobals) = postSolution
		SolutionGuid = {FB1A3ACD-1FDF-48C0-9432-0700BB8B1271}
	EndGlobalSection
EndGlobal
