
Microsoft Visual Studio Solution File, Format Version 12.00
# Visual Studio Version 17
VisualStudioVersion = 17.14.37012.4
MinimumVisualStudioVersion = 10.0.40219.1
Project("{8BC9CEB8-8B4A-11D0-8D11-00A0C91BC942}") = "01_ListViewTest", "01_ListViewTest\01_ListViewTest.vcxproj", "{B208D4A1-D1A1-90CD-A13E-C9DBF0056744}"
EndProject
Project("{8BC9CEB8-8B4A-11D0-8D11-00A0C91BC942}") = "02_TreeViewTest", "02_TreeViewTest\02_TreeViewTest.vcxproj", "{25CA2BA1-014D-3179-B399-527F7E24F52E}"
EndProject
Project("{8BC9CEB8-8B4A-11D0-8D11-00A0C91BC942}") = "03_ScrollViewTest", "03_ScrollViewTest\03_ScrollViewTest.vcxproj", "{6121BAA4-E14D-7A90-1DF1-8C0AB5EC249D}"
EndProject
Project("{8BC9CEB8-8B4A-11D0-8D11-00A0C91BC942}") = "04_OptimizeScroll", "04_OptimizeScroll\04_OptimizeScroll.vcxproj", "{79ACB7B1-236F-B921-1319-64E7B2C4182C}"
EndProject
Project("{8BC9CEB8-8B4A-11D0-8D11-00A0C91BC942}") = "05_HtmlViewTest", "05_HtmlViewTest\05_HtmlViewTest.vcxproj", "{83C16B2A-2585-E07F-1922-53C2CE456AB8}"
EndProject
Project("{8BC9CEB8-8B4A-11D0-8D11-00A0C91BC942}") = "06_WebBrowser", "06_WebBrowser\06_WebBrowser.vcxproj", "{EB83C689-883E-EC18-4C1F-69E4D137B304}"
EndProject
Global
	GlobalSection(SolutionConfigurationPlatforms) = preSolution
		Debug|x64 = Debug|x64
		Debug|x86 = Debug|x86
		Release|x64 = Release|x64
		Release|x86 = Release|x86
	EndGlobalSection
	GlobalSection(ProjectConfigurationPlatforms) = postSolution
		{B208D4A1-D1A1-90CD-A13E-C9DBF0056744}.Debug|x64.ActiveCfg = Debug|x64
		{B208D4A1-D1A1-90CD-A13E-C9DBF0056744}.Debug|x64.Build.0 = Debug|x64
		{B208D4A1-D1A1-90CD-A13E-C9DBF0056744}.Debug|x86.ActiveCfg = Debug|Win32
		{B208D4A1-D1A1-90CD-A13E-C9DBF0056744}.Debug|x86.Build.0 = Debug|Win32
		{B208D4A1-D1A1-90CD-A13E-C9DBF0056744}.Release|x64.ActiveCfg = Release|x64
		{B208D4A1-D1A1-90CD-A13E-C9DBF0056744}.Release|x64.Build.0 = Release|x64
		{B208D4A1-D1A1-90CD-A13E-C9DBF0056744}.Release|x86.ActiveCfg = Release|Win32
		{B208D4A1-D1A1-90CD-A13E-C9DBF0056744}.Release|x86.Build.0 = Release|Win32
		{25CA2BA1-014D-3179-B399-527F7E24F52E}.Debug|x64.ActiveCfg = Debug|x64
		{25CA2BA1-014D-3179-B399-527F7E24F52E}.Debug|x64.Build.0 = Debug|x64
		{25CA2BA1-014D-3179-B399-527F7E24F52E}.Debug|x86.ActiveCfg = Debug|Win32
		{25CA2BA1-014D-3179-B399-527F7E24F52E}.Debug|x86.Build.0 = Debug|Win32
		{25CA2BA1-014D-3179-B399-527F7E24F52E}.Release|x64.ActiveCfg = Release|x64
		{25CA2BA1-014D-3179-B399-527F7E24F52E}.Release|x64.Build.0 = Release|x64
		{25CA2BA1-014D-3179-B399-527F7E24F52E}.Release|x86.ActiveCfg = Release|Win32
		{25CA2BA1-014D-3179-B399-527F7E24F52E}.Release|x86.Build.0 = Release|Win32
		{6121BAA4-E14D-7A90-1DF1-8C0AB5EC249D}.Debug|x64.ActiveCfg = Debug|x64
		{6121BAA4-E14D-7A90-1DF1-8C0AB5EC249D}.Debug|x64.Build.0 = Debug|x64
		{6121BAA4-E14D-7A90-1DF1-8C0AB5EC249D}.Debug|x86.ActiveCfg = Debug|Win32
		{6121BAA4-E14D-7A90-1DF1-8C0AB5EC249D}.Debug|x86.Build.0 = Debug|Win32
		{6121BAA4-E14D-7A90-1DF1-8C0AB5EC249D}.Release|x64.ActiveCfg = Release|x64
		{6121BAA4-E14D-7A90-1DF1-8C0AB5EC249D}.Release|x64.Build.0 = Release|x64
		{6121BAA4-E14D-7A90-1DF1-8C0AB5EC249D}.Release|x86.ActiveCfg = Release|Win32
		{6121BAA4-E14D-7A90-1DF1-8C0AB5EC249D}.Release|x86.Build.0 = Release|Win32
		{79ACB7B1-236F-B921-1319-64E7B2C4182C}.Debug|x64.ActiveCfg = Debug|x64
		{79ACB7B1-236F-B921-1319-64E7B2C4182C}.Debug|x64.Build.0 = Debug|x64
		{79ACB7B1-236F-B921-1319-64E7B2C4182C}.Debug|x86.ActiveCfg = Debug|Win32
		{79ACB7B1-236F-B921-1319-64E7B2C4182C}.Debug|x86.Build.0 = Debug|Win32
		{79ACB7B1-236F-B921-1319-64E7B2C4182C}.Release|x64.ActiveCfg = Release|x64
		{79ACB7B1-236F-B921-1319-64E7B2C4182C}.Release|x64.Build.0 = Release|x64
		{79ACB7B1-236F-B921-1319-64E7B2C4182C}.Release|x86.ActiveCfg = Release|Win32
		{79ACB7B1-236F-B921-1319-64E7B2C4182C}.Release|x86.Build.0 = Release|Win32
		{83C16B2A-2585-E07F-1922-53C2CE456AB8}.Debug|x64.ActiveCfg = Debug|x64
		{83C16B2A-2585-E07F-1922-53C2CE456AB8}.Debug|x64.Build.0 = Debug|x64
		{83C16B2A-2585-E07F-1922-53C2CE456AB8}.Debug|x86.ActiveCfg = Debug|Win32
		{83C16B2A-2585-E07F-1922-53C2CE456AB8}.Debug|x86.Build.0 = Debug|Win32
		{83C16B2A-2585-E07F-1922-53C2CE456AB8}.Release|x64.ActiveCfg = Release|x64
		{83C16B2A-2585-E07F-1922-53C2CE456AB8}.Release|x64.Build.0 = Release|x64
		{83C16B2A-2585-E07F-1922-53C2CE456AB8}.Release|x86.ActiveCfg = Release|Win32
		{83C16B2A-2585-E07F-1922-53C2CE456AB8}.Release|x86.Build.0 = Release|Win32
		{EB83C689-883E-EC18-4C1F-69E4D137B304}.Debug|x64.ActiveCfg = Debug|x64
		{EB83C689-883E-EC18-4C1F-69E4D137B304}.Debug|x64.Build.0 = Debug|x64
		{EB83C689-883E-EC18-4C1F-69E4D137B304}.Debug|x86.ActiveCfg = Debug|Win32
		{EB83C689-883E-EC18-4C1F-69E4D137B304}.Debug|x86.Build.0 = Debug|Win32
		{EB83C689-883E-EC18-4C1F-69E4D137B304}.Release|x64.ActiveCfg = Release|x64
		{EB83C689-883E-EC18-4C1F-69E4D137B304}.Release|x64.Build.0 = Release|x64
		{EB83C689-883E-EC18-4C1F-69E4D137B304}.Release|x86.ActiveCfg = Release|Win32
		{EB83C689-883E-EC18-4C1F-69E4D137B304}.Release|x86.Build.0 = Release|Win32
	EndGlobalSection
	GlobalSection(SolutionProperties) = preSolution
		HideSolutionNode = FALSE
	EndGlobalSection
	GlobalSection(ExtensibilityGlobals) = postSolution
		SolutionGuid = {A7FE76C4-DC50-486E-AD75-87176A30195E}
	EndGlobalSection
EndGlobal
