
Microsoft Visual Studio Solution File, Format Version 12.00
# Visual Studio Version 17
VisualStudioVersion = 17.14.37012.4
MinimumVisualStudioVersion = 10.0.40219.1
Project("{8BC9CEB8-8B4A-11D0-8D11-00A0C91BC942}") = "01_Button1", "01_Button1\01_Button1.vcxproj", "{BBE50878-5CB1-1E78-CC12-6D922C4C1406}"
EndProject
Project("{8BC9CEB8-8B4A-11D0-8D11-00A0C91BC942}") = "02_Button2", "02_Button2\02_Button2.vcxproj", "{2FED532C-ED23-58E0-8801-4798C726F4B5}"
EndProject
Project("{8BC9CEB8-8B4A-11D0-8D11-00A0C91BC942}") = "03_Static", "03_Static\03_Static.vcxproj", "{33332027-D1DB-5D54-40F8-C4776531A4DB}"
EndProject
Project("{8BC9CEB8-8B4A-11D0-8D11-00A0C91BC942}") = "04_EditCtrl", "04_EditCtrl\04_EditCtrl.vcxproj", "{6787FC4F-6A66-1428-E631-5F36B7389E98}"
EndProject
Project("{8BC9CEB8-8B4A-11D0-8D11-00A0C91BC942}") = "05_ListBox", "05_ListBox\05_ListBox.vcxproj", "{A82E67ED-80EE-53D9-54FB-4AF642F06C67}"
EndProject
Project("{8BC9CEB8-8B4A-11D0-8D11-00A0C91BC942}") = "06_ScrollBar", "06_ScrollBar\06_ScrollBar.vcxproj", "{BB0C25B7-C67B-2142-3E26-40CFFBFB448E}"
EndProject
Project("{8BC9CEB8-8B4A-11D0-8D11-00A0C91BC942}") = "07_Subclass", "07_Subclass\07_Subclass.vcxproj", "{8F1984E8-D838-B2DC-1AAA-776D7E82EF52}"
EndProject
Project("{8BC9CEB8-8B4A-11D0-8D11-00A0C91BC942}") = "08_Reflection", "08_Reflection\08_Reflection.vcxproj", "{DD991DEF-69DA-3D4C-77EC-327A7E1A318C}"
EndProject
Global
	GlobalSection(SolutionConfigurationPlatforms) = preSolution
		Debug|x64 = Debug|x64
		Debug|x86 = Debug|x86
		Release|x64 = Release|x64
		Release|x86 = Release|x86
	EndGlobalSection
	GlobalSection(ProjectConfigurationPlatforms) = postSolution
		{BBE50878-5CB1-1E78-CC12-6D922C4C1406}.Debug|x64.ActiveCfg = Debug|x64
		{BBE50878-5CB1-1E78-CC12-6D922C4C1406}.Debug|x64.Build.0 = Debug|x64
		{BBE50878-5CB1-1E78-CC12-6D922C4C1406}.Debug|x86.ActiveCfg = Debug|Win32
		{BBE50878-5CB1-1E78-CC12-6D922C4C1406}.Debug|x86.Build.0 = Debug|Win32
		{BBE50878-5CB1-1E78-CC12-6D922C4C1406}.Release|x64.ActiveCfg = Release|x64
		{BBE50878-5CB1-1E78-CC12-6D922C4C1406}.Release|x64.Build.0 = Release|x64
		{BBE50878-5CB1-1E78-CC12-6D922C4C1406}.Release|x86.ActiveCfg = Release|Win32
		{BBE50878-5CB1-1E78-CC12-6D922C4C1406}.Release|x86.Build.0 = Release|Win32
		{2FED532C-ED23-58E0-8801-4798C726F4B5}.Debug|x64.ActiveCfg = Debug|x64
		{2FED532C-ED23-58E0-8801-4798C726F4B5}.Debug|x64.Build.0 = Debug|x64
		{2FED532C-ED23-58E0-8801-4798C726F4B5}.Debug|x86.ActiveCfg = Debug|Win32
		{2FED532C-ED23-58E0-8801-4798C726F4B5}.Debug|x86.Build.0 = Debug|Win32
		{2FED532C-ED23-58E0-8801-4798C726F4B5}.Release|x64.ActiveCfg = Release|x64
		{2FED532C-ED23-58E0-8801-4798C726F4B5}.Release|x64.Build.0 = Release|x64
		{2FED532C-ED23-58E0-8801-4798C726F4B5}.Release|x86.ActiveCfg = Release|Win32
		{2FED532C-ED23-58E0-8801-4798C726F4B5}.Release|x86.Build.0 = Release|Win32
		{33332027-D1DB-5D54-40F8-C4776531A4DB}.Debug|x64.ActiveCfg = Debug|x64
		{33332027-D1DB-5D54-40F8-C4776531A4DB}.Debug|x64.Build.0 = Debug|x64
		{33332027-D1DB-5D54-40F8-C4776531A4DB}.Debug|x86.ActiveCfg = Debug|Win32
		{33332027-D1DB-5D54-40F8-C4776531A4DB}.Debug|x86.Build.0 = Debug|Win32
		{33332027-D1DB-5D54-40F8-C4776531A4DB}.Release|x64.ActiveCfg = Release|x64
		{33332027-D1DB-5D54-40F8-C4776531A4DB}.Release|x64.Build.0 = Release|x64
		{33332027-D1DB-5D54-40F8-C4776531A4DB}.Release|x86.ActiveCfg = Release|Win32
		{33332027-D1DB-5D54-40F8-C4776531A4DB}.Release|x86.Build.0 = Release|Win32
		{6787FC4F-6A66-1428-E631-5F36B7389E98}.Debug|x64.ActiveCfg = Debug|x64
		{6787FC4F-6A66-1428-E631-5F36B7389E98}.Debug|x64.Build.0 = Debug|x64
		{6787FC4F-6A66-1428-E631-5F36B7389E98}.Debug|x86.ActiveCfg = Debug|Win32
		{6787FC4F-6A66-1428-E631-5F36B7389E98}.Debug|x86.Build.0 = Debug|Win32
		{6787FC4F-6A66-1428-E631-5F36B7389E98}.Release|x64.ActiveCfg = Release|x64
		{6787FC4F-6A66-1428-E631-5F36B7389E98}.Release|x64.Build.0 = Release|x64
		{6787FC4F-6A66-1428-E631-5F36B7389E98}.Release|x86.ActiveCfg = Release|Win32
		{6787FC4F-6A66-1428-E631-5F36B7389E98}.Release|x86.Build.0 = Release|Win32
		{A82E67ED-80EE-53D9-54FB-4AF642F06C67}.Debug|x64.ActiveCfg = Debug|x64
		{A82E67ED-80EE-53D9-54FB-4AF642F06C67}.Debug|x64.Build.0 = Debug|x64
		{A82E67ED-80EE-53D9-54FB-4AF642F06C67}.Debug|x86.ActiveCfg = Debug|Win32
		{A82E67ED-80EE-53D9-54FB-4AF642F06C67}.Debug|x86.Build.0 = Debug|Win32
		{A82E67ED-80EE-53D9-54FB-4AF642F06C67}.Release|x64.ActiveCfg = Release|x64
		{A82E67ED-80EE-53D9-54FB-4AF642F06C67}.Release|x64.Build.0 = Release|x64
		{A82E67ED-80EE-53D9-54FB-4AF642F06C67}.Release|x86.ActiveCfg = Release|Win32
		{A82E67ED-80EE-53D9-54FB-4AF642F06C67}.Release|x86.Build.0 = Release|Win32
		{BB0C25B7-C67B-2142-3E26-40CFFBFB448E}.Debug|x64.ActiveCfg = Debug|x64
		{BB0C25B7-C67B-2142-3E26-40CFFBFB448E}.Debug|x64.Build.0 = Debug|x64
		{BB0C25B7-C67B-2142-3E26-40CFFBFB448E}.Debug|x86.ActiveCfg = Debug|Win32
		{BB0C25B7-C67B-2142-3E26-40CFFBFB448E}.Debug|x86.Build.0 = Debug|Win32
		{BB0C25B7-C67B-2142-3E26-40CFFBFB448E}.Release|x64.ActiveCfg = Release|x64
		{BB0C25B7-C67B-2142-3E26-40CFFBFB448E}.Release|x64.Build.0 = Release|x64
		{BB0C25B7-C67B-2142-3E26-40CFFBFB448E}.Release|x86.ActiveCfg = Release|Win32
		{BB0C25B7-C67B-2142-3E26-40CFFBFB448E}.Release|x86.Build.0 = Release|Win32
		{8F1984E8-D838-B2DC-1AAA-776D7E82EF52}.Debug|x64.ActiveCfg = Debug|x64
		{8F1984E8-D838-B2DC-1AAA-776D7E82EF52}.Debug|x64.Build.0 = Debug|x64
		{8F1984E8-D838-B2DC-1AAA-776D7E82EF52}.Debug|x86.ActiveCfg = Debug|Win32
		{8F1984E8-D838-B2DC-1AAA-776D7E82EF52}.Debug|x86.Build.0 = Debug|Win32
		{8F1984E8-D838-B2DC-1AAA-776D7E82EF52}.Release|x64.ActiveCfg = Release|x64
		{8F1984E8-D838-B2DC-1AAA-776D7E82EF52}.Release|x64.Build.0 = Release|x64
		{8F1984E8-D838-B2DC-1AAA-776D7E82EF52}.Release|x86.ActiveCfg = Release|Win32
		{8F1984E8-D838-B2DC-1AAA-776D7E82EF52}.Release|x86.Build.0 = Release|Win32
		{DD991DEF-69DA-3D4C-77EC-327A7E1A318C}.Debug|x64.ActiveCfg = Debug|x64
		{DD991DEF-69DA-3D4C-77EC-327A7E1A318C}.Debug|x64.Build.0 = Debug|x64
		{DD991DEF-69DA-3D4C-77EC-327A7E1A318C}.Debug|x86.ActiveCfg = Debug|Win32
		{DD991DEF-69DA-3D4C-77EC-327A7E1A318C}.Debug|x86.Build.0 = Debug|Win32
		{DD991DEF-69DA-3D4C-77EC-327A7E1A318C}.Release|x64.ActiveCfg = Release|x64
		{DD991DEF-69DA-3D4C-77EC-327A7E1A318C}.Release|x64.Build.0 = Release|x64
		{DD991DEF-69DA-3D4C-77EC-327A7E1A318C}.Release|x86.ActiveCfg = Release|Win32
		{DD991DEF-69DA-3D4C-77EC-327A7E1A318C}.Release|x86.Build.0 = Release|Win32
	EndGlobalSection
	GlobalSection(SolutionProperties) = preSolution
		HideSolutionNode = FALSE
	EndGlobalSection
	GlobalSection(ExtensibilityGlobals) = postSolution
		SolutionGuid = {CF4D91AE-EE9B-4C5E-BA1B-884BB0D0B860}
	EndGlobalSection
EndGlobal
